
Microsoft Visual Studio Solution File, Format Version 12.00
# Visual Studio Express 2012 for Windows Desktop
Project("{F184B08F-C81C-45F6-A57F-5ABD9991F28F}") = "AntennaPattern", "AntennaPattern.vbproj", "{AA48355E-77BA-4FD4-8CE5-E8F738091E83}"
EndProject
Global
	GlobalSection(SolutionConfigurationPlatforms) = preSolution
		Debug|Any CPU = Debug|Any CPU
		Release|Any CPU = Release|Any CPU
	EndGlobalSection
	GlobalSection(ProjectConfigurationPlatforms) = postSolution
		{AA48355E-77BA-4FD4-8CE5-E8F738091E83}.Debug|Any CPU.ActiveCfg = Debug|Any CPU
		{AA48355E-77BA-4FD4-8CE5-E8F738091E83}.Debug|Any CPU.Build.0 = Debug|Any CPU
		{AA48355E-77BA-4FD4-8CE5-E8F738091E83}.Release|Any CPU.ActiveCfg = Release|Any CPU
		{AA48355E-77BA-4FD4-8CE5-E8F738091E83}.Release|Any CPU.Build.0 = Release|Any CPU
		{AA48355E-77BA-4FD4-8CE5-E8F738091E83}.Release|Any CPU.Deploy.0 = Release|Any CPU
	EndGlobalSection
	GlobalSection(SolutionProperties) = preSolution
		HideSolutionNode = FALSE
	EndGlobalSection
EndGlobal
